
Microsoft Visual Studio Solution File, Format Version 12.00
# Visual Studio Version 17
VisualStudioVersion = 17.13.35825.156
MinimumVisualStudioVersion = 10.0.40219.1
Project("{2150E333-8FDC-42A3-9474-1A3956D46DE8}") = "src", "src", "{02EA681E-C7D8-13C7-8484-4AC65E1B71E8}"
	ProjectSection(SolutionItems) = preProject
		notes.txt = notes.txt
		tailwindcssinstall.md = tailwindcssinstall.md
	EndProjectSection
EndProject
Project("{FAE04EC0-301F-11D3-BF4B-00C04F79EFBC}") = "BlazorBlog.WebUI.Server", "BlazorBlog.WebUI.Server\BlazorBlog.WebUI.Server.csproj", "{617B161C-F991-46E4-A24D-D645E2360F56}"
EndProject
Project("{FAE04EC0-301F-11D3-BF4B-00C04F79EFBC}") = "BlazorBlog.Domain", "BlazorBlog.Domain\BlazorBlog.Domain.csproj", "{2CFA4DE4-DB8B-4F05-A596-C68CA38A6DD9}"
EndProject
Project("{FAE04EC0-301F-11D3-BF4B-00C04F79EFBC}") = "BlazorBlog.Application", "BlazorBlog.Application\BlazorBlog.Application.csproj", "{BABC917A-9746-4774-92BD-FA9B1059E11A}"
EndProject
Project("{FAE04EC0-301F-11D3-BF4B-00C04F79EFBC}") = "BlazorBlog.Infrastructure", "BlazorBlog.Infrastructure\BlazorBlog.Infrastructure.csproj", "{B4877167-A119-4936-9092-CCFF2BDC539C}"
EndProject
Project("{FAE04EC0-301F-11D3-BF4B-00C04F79EFBC}") = "BlazorBlog.WebUI.Client", "BlazorBlog.WebUI.Client\BlazorBlog.WebUI.Client.csproj", "{1002DA37-7CF9-4682-B578-61A17BC47DBD}"
EndProject
Global
	GlobalSection(SolutionConfigurationPlatforms) = preSolution
		Debug|Any CPU = Debug|Any CPU
		Release|Any CPU = Release|Any CPU
	EndGlobalSection
	GlobalSection(ProjectConfigurationPlatforms) = postSolution
		{617B161C-F991-46E4-A24D-D645E2360F56}.Debug|Any CPU.ActiveCfg = Debug|Any CPU
		{617B161C-F991-46E4-A24D-D645E2360F56}.Debug|Any CPU.Build.0 = Debug|Any CPU
		{617B161C-F991-46E4-A24D-D645E2360F56}.Release|Any CPU.ActiveCfg = Release|Any CPU
		{617B161C-F991-46E4-A24D-D645E2360F56}.Release|Any CPU.Build.0 = Release|Any CPU
		{2CFA4DE4-DB8B-4F05-A596-C68CA38A6DD9}.Debug|Any CPU.ActiveCfg = Debug|Any CPU
		{2CFA4DE4-DB8B-4F05-A596-C68CA38A6DD9}.Debug|Any CPU.Build.0 = Debug|Any CPU
		{2CFA4DE4-DB8B-4F05-A596-C68CA38A6DD9}.Release|Any CPU.ActiveCfg = Release|Any CPU
		{2CFA4DE4-DB8B-4F05-A596-C68CA38A6DD9}.Release|Any CPU.Build.0 = Release|Any CPU
		{BABC917A-9746-4774-92BD-FA9B1059E11A}.Debug|Any CPU.ActiveCfg = Debug|Any CPU
		{BABC917A-9746-4774-92BD-FA9B1059E11A}.Debug|Any CPU.Build.0 = Debug|Any CPU
		{BABC917A-9746-4774-92BD-FA9B1059E11A}.Release|Any CPU.ActiveCfg = Release|Any CPU
		{BABC917A-9746-4774-92BD-FA9B1059E11A}.Release|Any CPU.Build.0 = Release|Any CPU
		{B4877167-A119-4936-9092-CCFF2BDC539C}.Debug|Any CPU.ActiveCfg = Debug|Any CPU
		{B4877167-A119-4936-9092-CCFF2BDC539C}.Debug|Any CPU.Build.0 = Debug|Any CPU
		{B4877167-A119-4936-9092-CCFF2BDC539C}.Release|Any CPU.ActiveCfg = Release|Any CPU
		{B4877167-A119-4936-9092-CCFF2BDC539C}.Release|Any CPU.Build.0 = Release|Any CPU
		{1002DA37-7CF9-4682-B578-61A17BC47DBD}.Debug|Any CPU.ActiveCfg = Debug|Any CPU
		{1002DA37-7CF9-4682-B578-61A17BC47DBD}.Debug|Any CPU.Build.0 = Debug|Any CPU
		{1002DA37-7CF9-4682-B578-61A17BC47DBD}.Release|Any CPU.ActiveCfg = Release|Any CPU
		{1002DA37-7CF9-4682-B578-61A17BC47DBD}.Release|Any CPU.Build.0 = Release|Any CPU
	EndGlobalSection
	GlobalSection(SolutionProperties) = preSolution
		HideSolutionNode = FALSE
	EndGlobalSection
	GlobalSection(NestedProjects) = preSolution
		{617B161C-F991-46E4-A24D-D645E2360F56} = {02EA681E-C7D8-13C7-8484-4AC65E1B71E8}
		{2CFA4DE4-DB8B-4F05-A596-C68CA38A6DD9} = {02EA681E-C7D8-13C7-8484-4AC65E1B71E8}
		{BABC917A-9746-4774-92BD-FA9B1059E11A} = {02EA681E-C7D8-13C7-8484-4AC65E1B71E8}
		{B4877167-A119-4936-9092-CCFF2BDC539C} = {02EA681E-C7D8-13C7-8484-4AC65E1B71E8}
		{1002DA37-7CF9-4682-B578-61A17BC47DBD} = {02EA681E-C7D8-13C7-8484-4AC65E1B71E8}
	EndGlobalSection
	GlobalSection(ExtensibilityGlobals) = postSolution
		SolutionGuid = {E08A3B58-0F49-419E-85C2-3663E6DF8631}
	EndGlobalSection
EndGlobal
