
Microsoft Visual Studio Solution File, Format Version 12.00
# Visual Studio Version 17
VisualStudioVersion = 17.13.35825.156 d17.13
MinimumVisualStudioVersion = 10.0.40219.1
Project("{2150E333-8FDC-42A3-9474-1A3956D46DE8}") = "src", "src", "{02EA681E-C7D8-13C7-8484-4AC65E1B71E8}"
EndProject
Project("{FAE04EC0-301F-11D3-BF4B-00C04F79EFBC}") = "BlazorBlog.WebUI.Server", "BlazorBlog.WebUI.Server\BlazorBlog.WebUI.Server.csproj", "{617B161C-F991-46E4-A24D-D645E2360F56}"
EndProject
Global
	GlobalSection(SolutionConfigurationPlatforms) = preSolution
		Debug|Any CPU = Debug|Any CPU
		Release|Any CPU = Release|Any CPU
	EndGlobalSection
	GlobalSection(ProjectConfigurationPlatforms) = postSolution
		{617B161C-F991-46E4-A24D-D645E2360F56}.Debug|Any CPU.ActiveCfg = Debug|Any CPU
		{617B161C-F991-46E4-A24D-D645E2360F56}.Debug|Any CPU.Build.0 = Debug|Any CPU
		{617B161C-F991-46E4-A24D-D645E2360F56}.Release|Any CPU.ActiveCfg = Release|Any CPU
		{617B161C-F991-46E4-A24D-D645E2360F56}.Release|Any CPU.Build.0 = Release|Any CPU
	EndGlobalSection
	GlobalSection(SolutionProperties) = preSolution
		HideSolutionNode = FALSE
	EndGlobalSection
	GlobalSection(NestedProjects) = preSolution
		{617B161C-F991-46E4-A24D-D645E2360F56} = {02EA681E-C7D8-13C7-8484-4AC65E1B71E8}
	EndGlobalSection
	GlobalSection(ExtensibilityGlobals) = postSolution
		SolutionGuid = {E08A3B58-0F49-419E-85C2-3663E6DF8631}
	EndGlobalSection
EndGlobal
